
Microsoft Visual Studio Solution File, Format Version 12.00
# Visual Studio Version 17
VisualStudioVersion = 17.9.34728.123
MinimumVisualStudioVersion = 10.0.40219.1
Project("{FAE04EC0-301F-11D3-BF4B-00C04F79EFBC}") = "Product", "Product\Product.csproj", "{3812C2CD-DA39-4F65-B1AA-904F792B2A64}"
EndProject
Global
	GlobalSection(SolutionConfigurationPlatforms) = preSolution
		Debug|Any CPU = Debug|Any CPU
		Release|Any CPU = Release|Any CPU
	EndGlobalSection
	GlobalSection(ProjectConfigurationPlatforms) = postSolution
		{3812C2CD-DA39-4F65-B1AA-904F792B2A64}.Debug|Any CPU.ActiveCfg = Debug|Any CPU
		{3812C2CD-DA39-4F65-B1AA-904F792B2A64}.Debug|Any CPU.Build.0 = Debug|Any CPU
		{3812C2CD-DA39-4F65-B1AA-904F792B2A64}.Release|Any CPU.ActiveCfg = Release|Any CPU
		{3812C2CD-DA39-4F65-B1AA-904F792B2A64}.Release|Any CPU.Build.0 = Release|Any CPU
	EndGlobalSection
	GlobalSection(SolutionProperties) = preSolution
		HideSolutionNode = FALSE
	EndGlobalSection
	GlobalSection(ExtensibilityGlobals) = postSolution
		SolutionGuid = {D1D81589-4739-4E8A-BEC2-6BB6A273A4E3}
	EndGlobalSection
EndGlobal
